
Microsoft Visual Studio Solution File, Format Version 12.00
# Visual Studio 15
VisualStudioVersion = 15.0.26730.16
MinimumVisualStudioVersion = 10.0.40219.1
Project("{888888A0-9F3D-457C-B088-3A5042F75D52}") = "Baseline_Example", "Baseline_Example\Baseline_Example.pyproj", "{E5141128-F217-4E01-82F9-8A94E8018052}"
EndProject
Project("{888888A0-9F3D-457C-B088-3A5042F75D52}") = "Example3min", "Example3min\Example3min.pyproj", "{C7A41D93-1148-4927-A722-A84DCEDEAECC}"
EndProject
Global
	GlobalSection(SolutionConfigurationPlatforms) = preSolution
		Debug|Any CPU = Debug|Any CPU
		Release|Any CPU = Release|Any CPU
	EndGlobalSection
	GlobalSection(ProjectConfigurationPlatforms) = postSolution
		{E5141128-F217-4E01-82F9-8A94E8018052}.Debug|Any CPU.ActiveCfg = Debug|Any CPU
		{E5141128-F217-4E01-82F9-8A94E8018052}.Release|Any CPU.ActiveCfg = Release|Any CPU
		{C7A41D93-1148-4927-A722-A84DCEDEAECC}.Debug|Any CPU.ActiveCfg = Debug|Any CPU
		{C7A41D93-1148-4927-A722-A84DCEDEAECC}.Release|Any CPU.ActiveCfg = Release|Any CPU
	EndGlobalSection
	GlobalSection(SolutionProperties) = preSolution
		HideSolutionNode = FALSE
	EndGlobalSection
	GlobalSection(ExtensibilityGlobals) = postSolution
		SolutionGuid = {3992332B-AEA2-4FE9-87BB-0D55E2624CC9}
	EndGlobalSection
EndGlobal
